
Microsoft Visual Studio Solution File, Format Version 11.00
# Visual Studio 2010
Project("{FAE04EC0-301F-11D3-BF4B-00C04F79EFBC}") = "CSharpExamples", "CSharpExamples\CSharpExamples.csproj", "{04050766-DF6D-4208-A770-30B2958C1CC3}"
EndProject
Project("{FAE04EC0-301F-11D3-BF4B-00C04F79EFBC}") = "UnitTests", "..\UnitTests\UnitTests\UnitTests.csproj", "{82F39691-5CA0-4767-B23A-C27902748649}"
EndProject
Project("{2150E333-8FDC-42A3-9474-1A3956D46DE8}") = "Solution Items", "Solution Items", "{BB7F2B63-7075-4CFC-A42B-3E8B1EF109A1}"
	ProjectSection(SolutionItems) = preProject
		CSharpExamples.vsmdi = CSharpExamples.vsmdi
		Local.testsettings = Local.testsettings
		TraceAndTestImpact.testsettings = TraceAndTestImpact.testsettings
	EndProjectSection
EndProject
Global
	GlobalSection(TestCaseManagementSettings) = postSolution
		CategoryFile = CSharpExamples.vsmdi
	EndGlobalSection
	GlobalSection(SolutionConfigurationPlatforms) = preSolution
		Debug|Any CPU = Debug|Any CPU
		Debug|Mixed Platforms = Debug|Mixed Platforms
		Debug|x86 = Debug|x86
		Release|Any CPU = Release|Any CPU
		Release|Mixed Platforms = Release|Mixed Platforms
		Release|x86 = Release|x86
	EndGlobalSection
	GlobalSection(ProjectConfigurationPlatforms) = postSolution
		{04050766-DF6D-4208-A770-30B2958C1CC3}.Debug|Any CPU.ActiveCfg = Debug|x86
		{04050766-DF6D-4208-A770-30B2958C1CC3}.Debug|Mixed Platforms.ActiveCfg = Debug|x86
		{04050766-DF6D-4208-A770-30B2958C1CC3}.Debug|Mixed Platforms.Build.0 = Debug|x86
		{04050766-DF6D-4208-A770-30B2958C1CC3}.Debug|x86.ActiveCfg = Debug|x86
		{04050766-DF6D-4208-A770-30B2958C1CC3}.Debug|x86.Build.0 = Debug|x86
		{04050766-DF6D-4208-A770-30B2958C1CC3}.Release|Any CPU.ActiveCfg = Release|x86
		{04050766-DF6D-4208-A770-30B2958C1CC3}.Release|Mixed Platforms.ActiveCfg = Release|x86
		{04050766-DF6D-4208-A770-30B2958C1CC3}.Release|Mixed Platforms.Build.0 = Release|x86
		{04050766-DF6D-4208-A770-30B2958C1CC3}.Release|x86.ActiveCfg = Release|x86
		{04050766-DF6D-4208-A770-30B2958C1CC3}.Release|x86.Build.0 = Release|x86
		{82F39691-5CA0-4767-B23A-C27902748649}.Debug|Any CPU.ActiveCfg = Debug|Any CPU
		{82F39691-5CA0-4767-B23A-C27902748649}.Debug|Any CPU.Build.0 = Debug|Any CPU
		{82F39691-5CA0-4767-B23A-C27902748649}.Debug|Mixed Platforms.ActiveCfg = Debug|Any CPU
		{82F39691-5CA0-4767-B23A-C27902748649}.Debug|Mixed Platforms.Build.0 = Debug|Any CPU
		{82F39691-5CA0-4767-B23A-C27902748649}.Debug|x86.ActiveCfg = Debug|Any CPU
		{82F39691-5CA0-4767-B23A-C27902748649}.Release|Any CPU.ActiveCfg = Release|Any CPU
		{82F39691-5CA0-4767-B23A-C27902748649}.Release|Any CPU.Build.0 = Release|Any CPU
		{82F39691-5CA0-4767-B23A-C27902748649}.Release|Mixed Platforms.ActiveCfg = Release|Any CPU
		{82F39691-5CA0-4767-B23A-C27902748649}.Release|Mixed Platforms.Build.0 = Release|Any CPU
		{82F39691-5CA0-4767-B23A-C27902748649}.Release|x86.ActiveCfg = Release|Any CPU
	EndGlobalSection
	GlobalSection(SolutionProperties) = preSolution
		HideSolutionNode = FALSE
	EndGlobalSection
EndGlobal
