
Microsoft Visual Studio Solution File, Format Version 11.00
# Visual Studio 2010
Project("{FAE04EC0-301F-11D3-BF4B-00C04F79EFBC}") = "StocksApplicationSL", "StocksApplicationSL\StocksApplicationSL.csproj", "{9ea20395-fa73-4ae8-8d29-bd4e87838b39}"
EndProject
Global
	GlobalSection(SolutionConfigurationPlatforms) = preSolution
		Debug|Any CPU = Debug|Any CPU
		Release|Any CPU = Release|Any CPU
	EndGlobalSection
	GlobalSection(ProjectConfigurationPlatforms) = postSolution
		{9EA20395-FA73-4AE8-8D29-BD4E87838B39}.Debug|Any CPU.ActiveCfg = Debug|Any CPU
		{9EA20395-FA73-4AE8-8D29-BD4E87838B39}.Debug|Any CPU.Build.0 = Debug|Any CPU
		{9EA20395-FA73-4AE8-8D29-BD4E87838B39}.Release|Any CPU.ActiveCfg = Release|Any CPU
		{9EA20395-FA73-4AE8-8D29-BD4E87838B39}.Release|Any CPU.Build.0 = Release|Any CPU
	EndGlobalSection
EndGlobal
